{
  "name": "Veraxon",
  "lockfileVersion": 3,
  "requires": true,
  "packages": {
    "": {
      "dependencies": {
        "pyrefly": "^0.0.1-security"
      }
    },
    "node_modules/pyrefly": {
      "version": "0.0.1-security",
      "resolved": "https://registry.npmjs.org/pyrefly/-/pyrefly-0.0.1-security.tgz",
      "integrity": "sha512-HWzedyUun4XMZIBb4lwA3OjP8Cd+pwlTe+kU3dQ+TK52f3U9aCkDjnS5PhpaL3DZQeV/GrRJCkIwJOUL7gccKA=="
    }
  }
}
